
Microsoft Visual Studio Solution File, Format Version 12.00
# Visual Studio Version 16
VisualStudioVersion = 16.0.30804.86
MinimumVisualStudioVersion = 15.0.26124.0
Project("{2150E333-8FDC-42A3-9474-1A3956D46DE8}") = "src", "src", "{24A8AA10-00A3-4E48-8A52-6CF0695872F6}"
EndProject
Project("{9A19103F-16F7-4668-BE54-9A1E7A4F7556}") = "Super.Blazor.Toolbar", "src\Super.Blazor.Toolbar\Super.Blazor.Toolbar.csproj", "{22079BDE-38CA-4446-AAF5-712B69303028}"
EndProject
Project("{2150E333-8FDC-42A3-9474-1A3956D46DE8}") = "samples", "samples", "{2FACEB3C-73C4-4926-AFE2-2DAE8F276485}"
EndProject
Project("{9A19103F-16F7-4668-BE54-9A1E7A4F7556}") = "BlazorServerSide", "samples\BlazorServerSide\BlazorServerSide.csproj", "{70D9B092-273D-47F4-9CD5-5F8A2A1B74B2}"
EndProject
Project("{9A19103F-16F7-4668-BE54-9A1E7A4F7556}") = "BlazorWebAssembly", "samples\BlazorWebAssembly\BlazorWebAssembly.csproj", "{4C6F4937-8BA8-46EF-8F9A-0A3CD661BE6A}"
EndProject
Project("{2150E333-8FDC-42A3-9474-1A3956D46DE8}") = "Solution Items", "Solution Items", "{2AF573E1-0794-47D6-B204-C1D27E3B7907}"
	ProjectSection(SolutionItems) = preProject
		README.md = README.md
	EndProjectSection
EndProject
Global
	GlobalSection(SolutionConfigurationPlatforms) = preSolution
		Debug|Any CPU = Debug|Any CPU
		Debug|x64 = Debug|x64
		Debug|x86 = Debug|x86
		Release|Any CPU = Release|Any CPU
		Release|x64 = Release|x64
		Release|x86 = Release|x86
	EndGlobalSection
	GlobalSection(ProjectConfigurationPlatforms) = postSolution
		{22079BDE-38CA-4446-AAF5-712B69303028}.Debug|Any CPU.ActiveCfg = Debug|Any CPU
		{22079BDE-38CA-4446-AAF5-712B69303028}.Debug|Any CPU.Build.0 = Debug|Any CPU
		{22079BDE-38CA-4446-AAF5-712B69303028}.Debug|x64.ActiveCfg = Debug|Any CPU
		{22079BDE-38CA-4446-AAF5-712B69303028}.Debug|x64.Build.0 = Debug|Any CPU
		{22079BDE-38CA-4446-AAF5-712B69303028}.Debug|x86.ActiveCfg = Debug|Any CPU
		{22079BDE-38CA-4446-AAF5-712B69303028}.Debug|x86.Build.0 = Debug|Any CPU
		{22079BDE-38CA-4446-AAF5-712B69303028}.Release|Any CPU.ActiveCfg = Release|Any CPU
		{22079BDE-38CA-4446-AAF5-712B69303028}.Release|Any CPU.Build.0 = Release|Any CPU
		{22079BDE-38CA-4446-AAF5-712B69303028}.Release|x64.ActiveCfg = Release|Any CPU
		{22079BDE-38CA-4446-AAF5-712B69303028}.Release|x64.Build.0 = Release|Any CPU
		{22079BDE-38CA-4446-AAF5-712B69303028}.Release|x86.ActiveCfg = Release|Any CPU
		{22079BDE-38CA-4446-AAF5-712B69303028}.Release|x86.Build.0 = Release|Any CPU
		{70D9B092-273D-47F4-9CD5-5F8A2A1B74B2}.Debug|Any CPU.ActiveCfg = Debug|Any CPU
		{70D9B092-273D-47F4-9CD5-5F8A2A1B74B2}.Debug|Any CPU.Build.0 = Debug|Any CPU
		{70D9B092-273D-47F4-9CD5-5F8A2A1B74B2}.Debug|x64.ActiveCfg = Debug|Any CPU
		{70D9B092-273D-47F4-9CD5-5F8A2A1B74B2}.Debug|x64.Build.0 = Debug|Any CPU
		{70D9B092-273D-47F4-9CD5-5F8A2A1B74B2}.Debug|x86.ActiveCfg = Debug|Any CPU
		{70D9B092-273D-47F4-9CD5-5F8A2A1B74B2}.Debug|x86.Build.0 = Debug|Any CPU
		{70D9B092-273D-47F4-9CD5-5F8A2A1B74B2}.Release|Any CPU.ActiveCfg = Release|Any CPU
		{70D9B092-273D-47F4-9CD5-5F8A2A1B74B2}.Release|Any CPU.Build.0 = Release|Any CPU
		{70D9B092-273D-47F4-9CD5-5F8A2A1B74B2}.Release|x64.ActiveCfg = Release|Any CPU
		{70D9B092-273D-47F4-9CD5-5F8A2A1B74B2}.Release|x64.Build.0 = Release|Any CPU
		{70D9B092-273D-47F4-9CD5-5F8A2A1B74B2}.Release|x86.ActiveCfg = Release|Any CPU
		{70D9B092-273D-47F4-9CD5-5F8A2A1B74B2}.Release|x86.Build.0 = Release|Any CPU
		{4C6F4937-8BA8-46EF-8F9A-0A3CD661BE6A}.Debug|Any CPU.ActiveCfg = Debug|Any CPU
		{4C6F4937-8BA8-46EF-8F9A-0A3CD661BE6A}.Debug|Any CPU.Build.0 = Debug|Any CPU
		{4C6F4937-8BA8-46EF-8F9A-0A3CD661BE6A}.Debug|x64.ActiveCfg = Debug|Any CPU
		{4C6F4937-8BA8-46EF-8F9A-0A3CD661BE6A}.Debug|x64.Build.0 = Debug|Any CPU
		{4C6F4937-8BA8-46EF-8F9A-0A3CD661BE6A}.Debug|x86.ActiveCfg = Debug|Any CPU
		{4C6F4937-8BA8-46EF-8F9A-0A3CD661BE6A}.Debug|x86.Build.0 = Debug|Any CPU
		{4C6F4937-8BA8-46EF-8F9A-0A3CD661BE6A}.Release|Any CPU.ActiveCfg = Release|Any CPU
		{4C6F4937-8BA8-46EF-8F9A-0A3CD661BE6A}.Release|Any CPU.Build.0 = Release|Any CPU
		{4C6F4937-8BA8-46EF-8F9A-0A3CD661BE6A}.Release|x64.ActiveCfg = Release|Any CPU
		{4C6F4937-8BA8-46EF-8F9A-0A3CD661BE6A}.Release|x64.Build.0 = Release|Any CPU
		{4C6F4937-8BA8-46EF-8F9A-0A3CD661BE6A}.Release|x86.ActiveCfg = Release|Any CPU
		{4C6F4937-8BA8-46EF-8F9A-0A3CD661BE6A}.Release|x86.Build.0 = Release|Any CPU
	EndGlobalSection
	GlobalSection(SolutionProperties) = preSolution
		HideSolutionNode = FALSE
	EndGlobalSection
	GlobalSection(NestedProjects) = preSolution
		{22079BDE-38CA-4446-AAF5-712B69303028} = {24A8AA10-00A3-4E48-8A52-6CF0695872F6}
		{70D9B092-273D-47F4-9CD5-5F8A2A1B74B2} = {2FACEB3C-73C4-4926-AFE2-2DAE8F276485}
		{4C6F4937-8BA8-46EF-8F9A-0A3CD661BE6A} = {2FACEB3C-73C4-4926-AFE2-2DAE8F276485}
	EndGlobalSection
	GlobalSection(ExtensibilityGlobals) = postSolution
		SolutionGuid = {01BBA4D9-EF63-4979-93F9-4E4AC1AE2A57}
	EndGlobalSection
EndGlobal
